
Microsoft Visual Studio Solution File, Format Version 12.00
# Visual Studio Version 16
VisualStudioVersion = 16.0.29409.12
MinimumVisualStudioVersion = 10.0.40219.1
Project("{FAE04EC0-301F-11D3-BF4B-00C04F79EFBC}") = "MarbleGameConsole", "MarbleGameConsole\MarbleGameConsole.csproj", "{68A9197D-ACEA-4204-8489-846AD35DBCA4}"
EndProject
Project("{FAE04EC0-301F-11D3-BF4B-00C04F79EFBC}") = "MarbleGameLib", "MarbleGameLib\MarbleGameLib.csproj", "{B8CA8925-BD3C-4D2A-9EDA-175D8EE1DE4B}"
EndProject
Global
	GlobalSection(SolutionConfigurationPlatforms) = preSolution
		Debug|Any CPU = Debug|Any CPU
		Release|Any CPU = Release|Any CPU
	EndGlobalSection
	GlobalSection(ProjectConfigurationPlatforms) = postSolution
		{68A9197D-ACEA-4204-8489-846AD35DBCA4}.Debug|Any CPU.ActiveCfg = Debug|Any CPU
		{68A9197D-ACEA-4204-8489-846AD35DBCA4}.Debug|Any CPU.Build.0 = Debug|Any CPU
		{68A9197D-ACEA-4204-8489-846AD35DBCA4}.Release|Any CPU.ActiveCfg = Release|Any CPU
		{68A9197D-ACEA-4204-8489-846AD35DBCA4}.Release|Any CPU.Build.0 = Release|Any CPU
		{B8CA8925-BD3C-4D2A-9EDA-175D8EE1DE4B}.Debug|Any CPU.ActiveCfg = Debug|Any CPU
		{B8CA8925-BD3C-4D2A-9EDA-175D8EE1DE4B}.Debug|Any CPU.Build.0 = Debug|Any CPU
		{B8CA8925-BD3C-4D2A-9EDA-175D8EE1DE4B}.Release|Any CPU.ActiveCfg = Release|Any CPU
		{B8CA8925-BD3C-4D2A-9EDA-175D8EE1DE4B}.Release|Any CPU.Build.0 = Release|Any CPU
	EndGlobalSection
	GlobalSection(SolutionProperties) = preSolution
		HideSolutionNode = FALSE
	EndGlobalSection
	GlobalSection(ExtensibilityGlobals) = postSolution
		SolutionGuid = {4473D199-DA6B-49CC-B621-EAFFA8CF7968}
	EndGlobalSection
EndGlobal
